schema: '2.0'
stages:
  data_ingestion:
    cmd: python src/data/data_ingestion.py
    deps:
    - path: src/data/data_ingestion.py
      hash: md5
      md5: 3e8b964b00b5c88436a5992a087901ef
      size: 3444
    params:
      params.yaml:
        data_ingestion.test_size: 0.25
    outs:
    - path: data/raw
      hash: md5
      md5: 4cb13be77d38db01f1457549ce0e0406.dir
      size: 649243
      nfiles: 2
  data_preprocessing:
    cmd: python src/data/data_preprocessing.py
    deps:
    - path: data/raw
      hash: md5
      md5: 4cb13be77d38db01f1457549ce0e0406.dir
      size: 649243
      nfiles: 2
    - path: src/data/data_preprocessing.py
      hash: md5
      md5: c86fdf71eb55cab5c4fbf6882d18091b
      size: 2826
    outs:
    - path: data/interim
      hash: md5
      md5: 30f7068da4a57b080052004044763ab0.dir
      size: 401269
      nfiles: 2
  feature_engineering:
    cmd: python src/features/feature_engineering.py
    deps:
    - path: data/interim
      hash: md5
      md5: 30f7068da4a57b080052004044763ab0.dir
      size: 401269
      nfiles: 2
    - path: src/features/feature_engineering.py
      hash: md5
      md5: c1e9ac62f2a96b3be93c1afc49eaf5ee
      size: 3350
    params:
      params.yaml:
        feature_engineering.max_features: 50
    outs:
    - path: data/processed
      hash: md5
      md5: eac3fba7627aa7a0245fbe78c32c88f8.dir
      size: 51883
      nfiles: 2
    - path: models/vectorizer.pkl
      hash: md5
      md5: d5018406897000f2ca42602e53c8718c
      size: 1866
  model_building:
    cmd: python src/model/model_building.py
    deps:
    - path: data/processed
      hash: md5
      md5: eac3fba7627aa7a0245fbe78c32c88f8.dir
      size: 51883
      nfiles: 2
    - path: src/model/model_building.py
      hash: md5
      md5: a41d470ad5e2503dd6b59f056f78b533
      size: 1802
    outs:
    - path: models/model.pkl
      hash: md5
      md5: 3a2f88d70c219bdc72e7897e15b328ab
      size: 1096
  model_evaluation:
    cmd: python src/model/model_evaluation.py
    deps:
    - path: models/model.pkl
      hash: md5
      md5: 3a2f88d70c219bdc72e7897e15b328ab
      size: 1096
    - path: src/model/model_evaluation.py
      hash: md5
      md5: a636e6934020079926e1a1b6109e6f4c
      size: 6448
    outs:
    - path: reports/experiment_info.json
      hash: md5
      md5: 3cda0a90dd8f529e5e9a0f9a6c715620
      size: 152
    - path: reports/metrics.json
      hash: md5
      md5: b52d650a8ff0e668ccb81b19c1f2099f
      size: 132
  model_registration:
    cmd: python src/model/register_model.py
    deps:
    - path: reports/experiment_info.json
      hash: md5
      md5: 3cda0a90dd8f529e5e9a0f9a6c715620
      size: 152
    - path: src/model/register_model.py
      hash: md5
      md5: 4cd71d169cdef3553aa821c3f434a3fe
      size: 5129
